
Microsoft Visual Studio Solution File, Format Version 12.00
# Visual Studio 2013
VisualStudioVersion = 12.0.30110.0
MinimumVisualStudioVersion = 10.0.40219.1
Project("{FAE04EC0-301F-11D3-BF4B-00C04F79EFBC}") = "Sorts", "Sorts\Sorts.csproj", "{D0EABCC4-B29A-4E98-A2E6-17AEC5249CBE}"
EndProject
Project("{FAE04EC0-301F-11D3-BF4B-00C04F79EFBC}") = "Sorts.Tests", "Sorts.Tests\Sorts.Tests.csproj", "{69EF97C4-22A3-4964-881F-C3103105742C}"
EndProject
Project("{8BC9CEB8-8B4A-11D0-8D11-00A0C91BC942}") = "CppSorts", "CppSorts\CppSorts.vcxproj", "{99B0DCCA-4E51-4471-8F93-1DCD2D4B6DB9}"
EndProject
Project("{8BC9CEB8-8B4A-11D0-8D11-00A0C91BC942}") = "CppSortsTests", "CppSortsTests\CppSortsTests.vcxproj", "{2D2092B1-B2BB-48D9-BB6A-C9656D5E705D}"
EndProject
Global
	GlobalSection(SolutionConfigurationPlatforms) = preSolution
		Debug|Any CPU = Debug|Any CPU
		Debug|Mixed Platforms = Debug|Mixed Platforms
		Debug|Win32 = Debug|Win32
		Release|Any CPU = Release|Any CPU
		Release|Mixed Platforms = Release|Mixed Platforms
		Release|Win32 = Release|Win32
	EndGlobalSection
	GlobalSection(ProjectConfigurationPlatforms) = postSolution
		{D0EABCC4-B29A-4E98-A2E6-17AEC5249CBE}.Debug|Any CPU.ActiveCfg = Debug|Any CPU
		{D0EABCC4-B29A-4E98-A2E6-17AEC5249CBE}.Debug|Any CPU.Build.0 = Debug|Any CPU
		{D0EABCC4-B29A-4E98-A2E6-17AEC5249CBE}.Debug|Mixed Platforms.ActiveCfg = Debug|Any CPU
		{D0EABCC4-B29A-4E98-A2E6-17AEC5249CBE}.Debug|Mixed Platforms.Build.0 = Debug|Any CPU
		{D0EABCC4-B29A-4E98-A2E6-17AEC5249CBE}.Debug|Win32.ActiveCfg = Debug|Any CPU
		{D0EABCC4-B29A-4E98-A2E6-17AEC5249CBE}.Release|Any CPU.ActiveCfg = Release|Any CPU
		{D0EABCC4-B29A-4E98-A2E6-17AEC5249CBE}.Release|Any CPU.Build.0 = Release|Any CPU
		{D0EABCC4-B29A-4E98-A2E6-17AEC5249CBE}.Release|Mixed Platforms.ActiveCfg = Release|Any CPU
		{D0EABCC4-B29A-4E98-A2E6-17AEC5249CBE}.Release|Mixed Platforms.Build.0 = Release|Any CPU
		{D0EABCC4-B29A-4E98-A2E6-17AEC5249CBE}.Release|Win32.ActiveCfg = Release|Any CPU
		{69EF97C4-22A3-4964-881F-C3103105742C}.Debug|Any CPU.ActiveCfg = Debug|Any CPU
		{69EF97C4-22A3-4964-881F-C3103105742C}.Debug|Any CPU.Build.0 = Debug|Any CPU
		{69EF97C4-22A3-4964-881F-C3103105742C}.Debug|Mixed Platforms.ActiveCfg = Debug|Any CPU
		{69EF97C4-22A3-4964-881F-C3103105742C}.Debug|Mixed Platforms.Build.0 = Debug|Any CPU
		{69EF97C4-22A3-4964-881F-C3103105742C}.Debug|Win32.ActiveCfg = Debug|Any CPU
		{69EF97C4-22A3-4964-881F-C3103105742C}.Release|Any CPU.ActiveCfg = Release|Any CPU
		{69EF97C4-22A3-4964-881F-C3103105742C}.Release|Any CPU.Build.0 = Release|Any CPU
		{69EF97C4-22A3-4964-881F-C3103105742C}.Release|Mixed Platforms.ActiveCfg = Release|Any CPU
		{69EF97C4-22A3-4964-881F-C3103105742C}.Release|Mixed Platforms.Build.0 = Release|Any CPU
		{69EF97C4-22A3-4964-881F-C3103105742C}.Release|Win32.ActiveCfg = Release|Any CPU
		{99B0DCCA-4E51-4471-8F93-1DCD2D4B6DB9}.Debug|Any CPU.ActiveCfg = Debug|Win32
		{99B0DCCA-4E51-4471-8F93-1DCD2D4B6DB9}.Debug|Mixed Platforms.ActiveCfg = Debug|Win32
		{99B0DCCA-4E51-4471-8F93-1DCD2D4B6DB9}.Debug|Mixed Platforms.Build.0 = Debug|Win32
		{99B0DCCA-4E51-4471-8F93-1DCD2D4B6DB9}.Debug|Win32.ActiveCfg = Debug|Win32
		{99B0DCCA-4E51-4471-8F93-1DCD2D4B6DB9}.Debug|Win32.Build.0 = Debug|Win32
		{99B0DCCA-4E51-4471-8F93-1DCD2D4B6DB9}.Release|Any CPU.ActiveCfg = Release|Win32
		{99B0DCCA-4E51-4471-8F93-1DCD2D4B6DB9}.Release|Mixed Platforms.ActiveCfg = Release|Win32
		{99B0DCCA-4E51-4471-8F93-1DCD2D4B6DB9}.Release|Mixed Platforms.Build.0 = Release|Win32
		{99B0DCCA-4E51-4471-8F93-1DCD2D4B6DB9}.Release|Win32.ActiveCfg = Release|Win32
		{99B0DCCA-4E51-4471-8F93-1DCD2D4B6DB9}.Release|Win32.Build.0 = Release|Win32
		{2D2092B1-B2BB-48D9-BB6A-C9656D5E705D}.Debug|Any CPU.ActiveCfg = Debug|Win32
		{2D2092B1-B2BB-48D9-BB6A-C9656D5E705D}.Debug|Mixed Platforms.ActiveCfg = Debug|Win32
		{2D2092B1-B2BB-48D9-BB6A-C9656D5E705D}.Debug|Mixed Platforms.Build.0 = Debug|Win32
		{2D2092B1-B2BB-48D9-BB6A-C9656D5E705D}.Debug|Win32.ActiveCfg = Debug|Win32
		{2D2092B1-B2BB-48D9-BB6A-C9656D5E705D}.Debug|Win32.Build.0 = Debug|Win32
		{2D2092B1-B2BB-48D9-BB6A-C9656D5E705D}.Release|Any CPU.ActiveCfg = Release|Win32
		{2D2092B1-B2BB-48D9-BB6A-C9656D5E705D}.Release|Mixed Platforms.ActiveCfg = Release|Win32
		{2D2092B1-B2BB-48D9-BB6A-C9656D5E705D}.Release|Mixed Platforms.Build.0 = Release|Win32
		{2D2092B1-B2BB-48D9-BB6A-C9656D5E705D}.Release|Win32.ActiveCfg = Release|Win32
		{2D2092B1-B2BB-48D9-BB6A-C9656D5E705D}.Release|Win32.Build.0 = Release|Win32
	EndGlobalSection
	GlobalSection(SolutionProperties) = preSolution
		HideSolutionNode = FALSE
	EndGlobalSection
EndGlobal
